{
	"name": "common-tools",
	"version": "1.0.0",
	"lockfileVersion": 1,
	"requires": true,
	"dependencies": {
		"@types/hoist-non-react-statics": {
			"version": "3.3.1",
			"resolved": "https://registry.npmjs.org/@types/hoist-non-react-statics/-/hoist-non-react-statics-3.3.1.tgz",
			"integrity": "sha512-iMIqiko6ooLrTh1joXodJK5X9xeEALT1kM5G3ZLhD3hszxBdIEd5C75U834D9mLcINgD4OyZf5uQXjkuYydWvA==",
			"dev": true,
			"requires": {
				"@types/react": "*",
				"hoist-non-react-statics": "^3.3.0"
			},
			"dependencies": {
				"@types/react": {
					"version": "16.9.2",
					"resolved": "https://registry.npmjs.org/@types/react/-/react-16.9.2.tgz",
					"integrity": "sha512-jYP2LWwlh+FTqGd9v7ynUKZzjj98T8x7Yclz479QdRhHfuW9yQ+0jjnD31eXSXutmBpppj5PYNLYLRfnZJvcfg==",
					"dev": true,
					"requires": {
						"@types/prop-types": "*",
						"csstype": "^2.2.0"
					}
				}
			}
		},
		"@types/prop-types": {
			"version": "15.7.1",
			"resolved": "https://registry.npmjs.org/@types/prop-types/-/prop-types-15.7.1.tgz",
			"integrity": "sha512-CFzn9idOEpHrgdw8JsoTkaDDyRWk1jrzIV8djzcgpq0y9tG4B4lFT+Nxh52DVpDXV+n4+NPNv7M1Dj5uMp6XFg==",
			"dev": true
		},
		"@types/react": {
			"version": "16.9.2",
			"resolved": "https://registry.npmjs.org/@types/react/-/react-16.9.2.tgz",
			"integrity": "sha512-jYP2LWwlh+FTqGd9v7ynUKZzjj98T8x7Yclz479QdRhHfuW9yQ+0jjnD31eXSXutmBpppj5PYNLYLRfnZJvcfg==",
			"dev": true,
			"requires": {
				"@types/prop-types": "*",
				"csstype": "^2.2.0"
			}
		},
		"@types/react-redux": {
			"version": "7.1.2",
			"resolved": "https://registry.npmjs.org/@types/react-redux/-/react-redux-7.1.2.tgz",
			"integrity": "sha512-Iim6UCtD0mZX9U3jBuT6ZObBZ8UlakoOgefiRgi5wakfbNnXd3TUwwUMgi3Ijc0fxsPLZ5ULoz0oDy15YIaLmQ==",
			"dev": true,
			"requires": {
				"@types/hoist-non-react-statics": "^3.3.0",
				"@types/react": "*",
				"hoist-non-react-statics": "^3.3.0",
				"redux": "^4.0.0"
			},
			"dependencies": {
				"@types/react": {
					"version": "16.9.2",
					"resolved": "https://registry.npmjs.org/@types/react/-/react-16.9.2.tgz",
					"integrity": "sha512-jYP2LWwlh+FTqGd9v7ynUKZzjj98T8x7Yclz479QdRhHfuW9yQ+0jjnD31eXSXutmBpppj5PYNLYLRfnZJvcfg==",
					"dev": true,
					"requires": {
						"@types/prop-types": "*",
						"csstype": "^2.2.0"
					}
				},
				"loose-envify": {
					"version": "1.4.0",
					"resolved": "https://registry.npmjs.org/loose-envify/-/loose-envify-1.4.0.tgz",
					"integrity": "sha512-lyuxPGr/Wfhrlem2CL/UcnUc1zcqKAImBDzukY7Y5F/yQiNdko6+fRLevlw1HgMySw7f611UIY408EtxRSoK3Q==",
					"dev": true,
					"requires": {
						"js-tokens": "^3.0.0 || ^4.0.0"
					}
				},
				"redux": {
					"version": "4.0.4",
					"resolved": "https://registry.npmjs.org/redux/-/redux-4.0.4.tgz",
					"integrity": "sha512-vKv4WdiJxOWKxK0yRoaK3Y4pxxB0ilzVx6dszU2W8wLxlb2yikRph4iV/ymtdJ6ZxpBLFbyrxklnT5yBbQSl3Q==",
					"dev": true,
					"requires": {
						"loose-envify": "^1.4.0",
						"symbol-observable": "^1.2.0"
					}
				}
			}
		},
		"csstype": {
			"version": "2.6.6",
			"resolved": "https://registry.npmjs.org/csstype/-/csstype-2.6.6.tgz",
			"integrity": "sha512-RpFbQGUE74iyPgvr46U9t1xoQBM8T4BL8SxrN66Le2xYAPSaDJJKeztV3awugusb3g3G9iL8StmkBBXhcbbXhg==",
			"dev": true
		},
		"hoist-non-react-statics": {
			"version": "3.3.0",
			"resolved": "https://registry.npmjs.org/hoist-non-react-statics/-/hoist-non-react-statics-3.3.0.tgz",
			"integrity": "sha512-0XsbTXxgiaCDYDIWFcwkmerZPSwywfUqYmwT4jzewKTQSWoE6FCMoUVOeBJWK3E/CrWbxRG3m5GzY4lnIwGRBA==",
			"dev": true,
			"requires": {
				"react-is": "^16.7.0"
			}
		},
		"js-tokens": {
			"version": "3.0.2",
			"resolved": "https://registry.npmjs.org/js-tokens/-/js-tokens-3.0.2.tgz",
			"integrity": "sha1-mGbfOVECEw449/mWvOtlRDIJwls=",
			"dev": true
		},
		"react-is": {
			"version": "16.9.0",
			"resolved": "https://registry.npmjs.org/react-is/-/react-is-16.9.0.tgz",
			"integrity": "sha512-tJBzzzIgnnRfEm046qRcURvwQnZVXmuCbscxUO5RWrGTXpon2d4c8mI0D8WE6ydVIm29JiLB6+RslkIvym9Rjw==",
			"dev": true
		},
		"symbol-observable": {
			"version": "1.2.0",
			"resolved": "https://registry.npmjs.org/symbol-observable/-/symbol-observable-1.2.0.tgz",
			"integrity": "sha512-e900nM8RRtGhlV36KGEU9k65K3mPb1WV70OdjfxlG2EAuM1noi/E/BaW/uMhL7bPEssK8QV57vN3esixjUvcXQ==",
			"dev": true
		}
	}
}
